
Microsoft Visual Studio Solution File, Format Version 12.00
# Visual Studio 15
VisualStudioVersion = 15.0.27130.0
MinimumVisualStudioVersion = 10.0.40219.1
Project("{FAE04EC0-301F-11D3-BF4B-00C04F79EFBC}") = "E-learning-WinForms", "E-learning-WinForms\E-learning-WinForms.csproj", "{788221FE-311F-4DC7-AB0D-F31DD9346C8A}"
EndProject
Global
	GlobalSection(SolutionConfigurationPlatforms) = preSolution
		Debug|Any CPU = Debug|Any CPU
		Release|Any CPU = Release|Any CPU
	EndGlobalSection
	GlobalSection(ProjectConfigurationPlatforms) = postSolution
		{788221FE-311F-4DC7-AB0D-F31DD9346C8A}.Debug|Any CPU.ActiveCfg = Debug|Any CPU
		{788221FE-311F-4DC7-AB0D-F31DD9346C8A}.Debug|Any CPU.Build.0 = Debug|Any CPU
		{788221FE-311F-4DC7-AB0D-F31DD9346C8A}.Release|Any CPU.ActiveCfg = Release|Any CPU
		{788221FE-311F-4DC7-AB0D-F31DD9346C8A}.Release|Any CPU.Build.0 = Release|Any CPU
	EndGlobalSection
	GlobalSection(SolutionProperties) = preSolution
		HideSolutionNode = FALSE
	EndGlobalSection
	GlobalSection(ExtensibilityGlobals) = postSolution
		SolutionGuid = {E71879E3-EE83-4B5B-8EF4-BED0E641ED6E}
	EndGlobalSection
EndGlobal
